
Microsoft Visual Studio Solution File, Format Version 12.00
# Visual Studio Version 17
VisualStudioVersion = 17.0.31903.59
MinimumVisualStudioVersion = 10.0.40219.1
Project("{FAE04EC0-301F-11D3-BF4B-00C04F79EFBC}") = "RazorMusic", "Frontend\RazorMusic.csproj", "{D1770A65-1657-4722-830C-8BB1EE7B5082}"
EndProject
Project("{FAE04EC0-301F-11D3-BF4B-00C04F79EFBC}") = "Backend", "Backend\Backend.csproj", "{42D45ACC-20E5-457D-A356-509B57D432BA}"
EndProject
Project("{FAE04EC0-301F-11D3-BF4B-00C04F79EFBC}") = "Backend.Tests", "Backend.Tests\Backend.Tests.csproj", "{5DBDF19C-B902-4C45-8577-7E9D0E05A82C}"
EndProject
Project("{FAE04EC0-301F-11D3-BF4B-00C04F79EFBC}") = "Frontend.Tests", "Frontend.Tests\Frontend.Tests.csproj", "{00B685D7-069C-4A77-92F6-F07114440EEE}"
EndProject
Global
	GlobalSection(SolutionConfigurationPlatforms) = preSolution
		Debug|Any CPU = Debug|Any CPU
		Release|Any CPU = Release|Any CPU
	EndGlobalSection
	GlobalSection(SolutionProperties) = preSolution
		HideSolutionNode = FALSE
	EndGlobalSection
	GlobalSection(ProjectConfigurationPlatforms) = postSolution
		{D1770A65-1657-4722-830C-8BB1EE7B5082}.Debug|Any CPU.ActiveCfg = Debug|Any CPU
		{D1770A65-1657-4722-830C-8BB1EE7B5082}.Debug|Any CPU.Build.0 = Debug|Any CPU
		{D1770A65-1657-4722-830C-8BB1EE7B5082}.Release|Any CPU.ActiveCfg = Release|Any CPU
		{D1770A65-1657-4722-830C-8BB1EE7B5082}.Release|Any CPU.Build.0 = Release|Any CPU
		{42D45ACC-20E5-457D-A356-509B57D432BA}.Debug|Any CPU.ActiveCfg = Debug|Any CPU
		{42D45ACC-20E5-457D-A356-509B57D432BA}.Debug|Any CPU.Build.0 = Debug|Any CPU
		{42D45ACC-20E5-457D-A356-509B57D432BA}.Release|Any CPU.ActiveCfg = Release|Any CPU
		{42D45ACC-20E5-457D-A356-509B57D432BA}.Release|Any CPU.Build.0 = Release|Any CPU
		{5DBDF19C-B902-4C45-8577-7E9D0E05A82C}.Debug|Any CPU.ActiveCfg = Debug|Any CPU
		{5DBDF19C-B902-4C45-8577-7E9D0E05A82C}.Debug|Any CPU.Build.0 = Debug|Any CPU
		{5DBDF19C-B902-4C45-8577-7E9D0E05A82C}.Release|Any CPU.ActiveCfg = Release|Any CPU
		{5DBDF19C-B902-4C45-8577-7E9D0E05A82C}.Release|Any CPU.Build.0 = Release|Any CPU
		{00B685D7-069C-4A77-92F6-F07114440EEE}.Debug|Any CPU.ActiveCfg = Debug|Any CPU
		{00B685D7-069C-4A77-92F6-F07114440EEE}.Debug|Any CPU.Build.0 = Debug|Any CPU
		{00B685D7-069C-4A77-92F6-F07114440EEE}.Release|Any CPU.ActiveCfg = Release|Any CPU
		{00B685D7-069C-4A77-92F6-F07114440EEE}.Release|Any CPU.Build.0 = Release|Any CPU
	EndGlobalSection
EndGlobal
